
Microsoft Visual Studio Solution File, Format Version 12.00
# Visual Studio Version 16
VisualStudioVersion = 16.0.33927.289
MinimumVisualStudioVersion = 10.0.40219.1
Project("{FAE04EC0-301F-11D3-BF4B-00C04F79EFBC}") = "Taskey", "Taskey.csproj", "{41825C98-CACD-4202-B215-21EB7C15F8DF}"
EndProject
Global
	GlobalSection(SolutionConfigurationPlatforms) = preSolution
		Debug|Any CPU = Debug|Any CPU
		Release|Any CPU = Release|Any CPU
	EndGlobalSection
	GlobalSection(ProjectConfigurationPlatforms) = postSolution
		{41825C98-CACD-4202-B215-21EB7C15F8DF}.Debug|Any CPU.ActiveCfg = Debug|Any CPU
		{41825C98-CACD-4202-B215-21EB7C15F8DF}.Debug|Any CPU.Build.0 = Debug|Any CPU
		{41825C98-CACD-4202-B215-21EB7C15F8DF}.Release|Any CPU.ActiveCfg = Release|Any CPU
		{41825C98-CACD-4202-B215-21EB7C15F8DF}.Release|Any CPU.Build.0 = Release|Any CPU
	EndGlobalSection
	GlobalSection(SolutionProperties) = preSolution
		HideSolutionNode = FALSE
	EndGlobalSection
	GlobalSection(ExtensibilityGlobals) = postSolution
		SolutionGuid = {8AD918F5-DFB9-42C9-8947-ED592CA131AD}
	EndGlobalSection
EndGlobal
